// !$*UTF8*$!
{
	archiveVersion = 1;
	classes = {
	};
	objectVersion = 46;
	objects = {

/* Begin PBXBuildFile section */
		1A7DD7D21BA4EBD4000140AA /* CoreMessagesServer.framework in Copy Frameworks */ = {isa = PBXBuildFile; fileRef = 1A7DD7CB1BA4E7B2000140AA /* CoreMessagesServer.framework */; settings = {ATTRIBUTES = (CodeSignOnCopy, RemoveHeadersOnCopy, ); }; };
		1A7DD7DC1BA4EBF2000140AA /* b64.framework in Copy Frameworks */ = {isa = PBXBuildFile; fileRef = 1A7DD7D31BA4EBF1000140AA /* b64.framework */; settings = {ATTRIBUTES = (CodeSignOnCopy, RemoveHeadersOnCopy, ); }; };
		1A7DD7DD1BA4EBF2000140AA /* CocoaAsyncSocket.framework in Copy Frameworks */ = {isa = PBXBuildFile; fileRef = 1A7DD7D41BA4EBF1000140AA /* CocoaAsyncSocket.framework */; settings = {ATTRIBUTES = (CodeSignOnCopy, RemoveHeadersOnCopy, ); }; };
		1A7DD7DE1BA4EBF2000140AA /* CocoaHTTPServer.framework in Copy Frameworks */ = {isa = PBXBuildFile; fileRef = 1A7DD7D51BA4EBF1000140AA /* CocoaHTTPServer.framework */; settings = {ATTRIBUTES = (CodeSignOnCopy, RemoveHeadersOnCopy, ); }; };
		1A7DD7DF1BA4EBF2000140AA /* CoreModel.framework in Copy Frameworks */ = {isa = PBXBuildFile; fileRef = 1A7DD7D61BA4EBF1000140AA /* CoreModel.framework */; settings = {ATTRIBUTES = (CodeSignOnCopy, RemoveHeadersOnCopy, ); }; };
		1A7DD7E01BA4EBF2000140AA /* JSON.framework in Copy Frameworks */ = {isa = PBXBuildFile; fileRef = 1A7DD7D71BA4EBF1000140AA /* JSON.framework */; settings = {ATTRIBUTES = (CodeSignOnCopy, RemoveHeadersOnCopy, ); }; };
		1A7DD7E11BA4EBF2000140AA /* NetworkObjects.framework in Copy Frameworks */ = {isa = PBXBuildFile; fileRef = 1A7DD7D81BA4EBF2000140AA /* NetworkObjects.framework */; settings = {ATTRIBUTES = (CodeSignOnCopy, RemoveHeadersOnCopy, ); }; };
		1A7DD7E21BA4EBF2000140AA /* RoutingHTTPServer.framework in Copy Frameworks */ = {isa = PBXBuildFile; fileRef = 1A7DD7D91BA4EBF2000140AA /* RoutingHTTPServer.framework */; settings = {ATTRIBUTES = (CodeSignOnCopy, RemoveHeadersOnCopy, ); }; };
		1A7DD7E31BA4EBF2000140AA /* SwiftFoundation.framework in Copy Frameworks */ = {isa = PBXBuildFile; fileRef = 1A7DD7DA1BA4EBF2000140AA /* SwiftFoundation.framework */; settings = {ATTRIBUTES = (CodeSignOnCopy, RemoveHeadersOnCopy, ); }; };
		1A7DD7E41BA4EBF2000140AA /* SwiftWebSocket.framework in Copy Frameworks */ = {isa = PBXBuildFile; fileRef = 1A7DD7DB1BA4EBF2000140AA /* SwiftWebSocket.framework */; settings = {ATTRIBUTES = (CodeSignOnCopy, RemoveHeadersOnCopy, ); }; };
		1AD4DDFB1B9D02E6000A582D /* main.m in Sources */ = {isa = PBXBuildFile; fileRef = 1AD4DDFA1B9D02E6000A582D /* main.m */; };
		1AD4DE0E1B9D038F000A582D /* MessagesServerDaemon in Copy Daemon */ = {isa = PBXBuildFile; fileRef = 1AD4DDF71B9D02E6000A582D /* MessagesServerDaemon */; settings = {ATTRIBUTES = (CodeSignOnCopy, ); }; };
/* End PBXBuildFile section */

/* Begin PBXContainerItemProxy section */
		1A7DD7CA1BA4E7B2000140AA /* PBXContainerItemProxy */ = {
			isa = PBXContainerItemProxy;
			containerPortal = 1A7DD7C51BA4E7B2000140AA /* CoreMessagesServer.xcodeproj */;
			proxyType = 2;
			remoteGlobalIDString = 1AD4DDA81B9D0235000A582D;
			remoteInfo = CoreMessagesServer;
		};
		1A7DD7CC1BA4E7B2000140AA /* PBXContainerItemProxy */ = {
			isa = PBXContainerItemProxy;
			containerPortal = 1A7DD7C51BA4E7B2000140AA /* CoreMessagesServer.xcodeproj */;
			proxyType = 2;
			remoteGlobalIDString = 1AD4DDB21B9D0235000A582D;
			remoteInfo = CoreMessagesServerTests;
		};
		1A7DD7CE1BA4E7C0000140AA /* PBXContainerItemProxy */ = {
			isa = PBXContainerItemProxy;
			containerPortal = 1A7DD7C51BA4E7B2000140AA /* CoreMessagesServer.xcodeproj */;
			proxyType = 1;
			remoteGlobalIDString = 1AD4DDA71B9D0235000A582D;
			remoteInfo = CoreMessagesServer;
		};
		1AD4DE0B1B9D0379000A582D /* PBXContainerItemProxy */ = {
			isa = PBXContainerItemProxy;
			containerPortal = 1AD4DDEF1B9D02E6000A582D /* Project object */;
			proxyType = 1;
			remoteGlobalIDString = 1AD4DDF61B9D02E6000A582D;
			remoteInfo = MessagesServerDaemon;
		};
		6E5E7C711BA53D9000F02BCE /* PBXContainerItemProxy */ = {
			isa = PBXContainerItemProxy;
			containerPortal = 1A7DD7641BA4BC1E000140AA /* CoreMessages.xcodeproj */;
			proxyType = 2;
			remoteGlobalIDString = 1AD4DD841B9D01FC000A582D;
			remoteInfo = "CoreMessages OS X";
		};
		6E5E7C731BA53D9000F02BCE /* PBXContainerItemProxy */ = {
			isa = PBXContainerItemProxy;
			containerPortal = 1A7DD7641BA4BC1E000140AA /* CoreMessages.xcodeproj */;
			proxyType = 2;
			remoteGlobalIDString = 1AD4DD8E1B9D01FD000A582D;
			remoteInfo = CoreMessagesTests;
		};
		6E5E7C751BA53D9000F02BCE /* PBXContainerItemProxy */ = {
			isa = PBXContainerItemProxy;
			containerPortal = 1A7DD7641BA4BC1E000140AA /* CoreMessages.xcodeproj */;
			proxyType = 2;
			remoteGlobalIDString = 1A7DD7621BA4B838000140AA;
			remoteInfo = "CoreMessages iOS";
		};
/* End PBXContainerItemProxy section */

/* Begin PBXCopyFilesBuildPhase section */
		1AD4DDF51B9D02E6000A582D /* CopyFiles */ = {
			isa = PBXCopyFilesBuildPhase;
			buildActionMask = 2147483647;
			dstPath = /usr/share/man/man1/;
			dstSubfolderSpec = 0;
			files = (
			);
			runOnlyForDeploymentPostprocessing = 1;
		};
		1AD4DE0D1B9D0380000A582D /* Copy Daemon */ = {
			isa = PBXCopyFilesBuildPhase;
			buildActionMask = 2147483647;
			dstPath = "";
			dstSubfolderSpec = 6;
			files = (
				1AD4DE0E1B9D038F000A582D /* MessagesServerDaemon in Copy Daemon */,
			);
			name = "Copy Daemon";
			runOnlyForDeploymentPostprocessing = 0;
		};
		1AD4DE0F1B9D03A0000A582D /* Copy Frameworks */ = {
			isa = PBXCopyFilesBuildPhase;
			buildActionMask = 2147483647;
			dstPath = "";
			dstSubfolderSpec = 10;
			files = (
				1A7DD7DC1BA4EBF2000140AA /* b64.framework in Copy Frameworks */,
				1A7DD7DD1BA4EBF2000140AA /* CocoaAsyncSocket.framework in Copy Frameworks */,
				1A7DD7DE1BA4EBF2000140AA /* CocoaHTTPServer.framework in Copy Frameworks */,
				1A7DD7DF1BA4EBF2000140AA /* CoreModel.framework in Copy Frameworks */,
				1A7DD7E01BA4EBF2000140AA /* JSON.framework in Copy Frameworks */,
				1A7DD7E11BA4EBF2000140AA /* NetworkObjects.framework in Copy Frameworks */,
				1A7DD7E21BA4EBF2000140AA /* RoutingHTTPServer.framework in Copy Frameworks */,
				1A7DD7E31BA4EBF2000140AA /* SwiftFoundation.framework in Copy Frameworks */,
				1A7DD7E41BA4EBF2000140AA /* SwiftWebSocket.framework in Copy Frameworks */,
				1A7DD7D21BA4EBD4000140AA /* CoreMessagesServer.framework in Copy Frameworks */,
			);
			name = "Copy Frameworks";
			runOnlyForDeploymentPostprocessing = 0;
		};
/* End PBXCopyFilesBuildPhase section */

/* Begin PBXFileReference section */
		1A7DD7641BA4BC1E000140AA /* CoreMessages.xcodeproj */ = {isa = PBXFileReference; lastKnownFileType = "wrapper.pb-project"; name = CoreMessages.xcodeproj; path = ../CoreMessages/CoreMessages.xcodeproj; sourceTree = "<group>"; };
		1A7DD7C51BA4E7B2000140AA /* CoreMessagesServer.xcodeproj */ = {isa = PBXFileReference; lastKnownFileType = "wrapper.pb-project"; name = CoreMessagesServer.xcodeproj; path = ../CoreMessagesServer/CoreMessagesServer.xcodeproj; sourceTree = "<group>"; };
		1A7DD7D31BA4EBF1000140AA /* b64.framework */ = {isa = PBXFileReference; lastKnownFileType = wrapper.framework; name = b64.framework; path = ../Carthage/Build/Mac/b64.framework; sourceTree = "<group>"; };
		1A7DD7D41BA4EBF1000140AA /* CocoaAsyncSocket.framework */ = {isa = PBXFileReference; lastKnownFileType = wrapper.framework; name = CocoaAsyncSocket.framework; path = ../Carthage/Build/Mac/CocoaAsyncSocket.framework; sourceTree = "<group>"; };
		1A7DD7D51BA4EBF1000140AA /* CocoaHTTPServer.framework */ = {isa = PBXFileReference; lastKnownFileType = wrapper.framework; name = CocoaHTTPServer.framework; path = ../Carthage/Build/Mac/CocoaHTTPServer.framework; sourceTree = "<group>"; };
		1A7DD7D61BA4EBF1000140AA /* CoreModel.framework */ = {isa = PBXFileReference; lastKnownFileType = wrapper.framework; name = CoreModel.framework; path = ../Carthage/Build/Mac/CoreModel.framework; sourceTree = "<group>"; };
		1A7DD7D71BA4EBF1000140AA /* JSON.framework */ = {isa = PBXFileReference; lastKnownFileType = wrapper.framework; name = JSON.framework; path = ../Carthage/Build/Mac/JSON.framework; sourceTree = "<group>"; };
		1A7DD7D81BA4EBF2000140AA /* NetworkObjects.framework */ = {isa = PBXFileReference; lastKnownFileType = wrapper.framework; name = NetworkObjects.framework; path = ../Carthage/Build/Mac/NetworkObjects.framework; sourceTree = "<group>"; };
		1A7DD7D91BA4EBF2000140AA /* RoutingHTTPServer.framework */ = {isa = PBXFileReference; lastKnownFileType = wrapper.framework; name = RoutingHTTPServer.framework; path = ../Carthage/Build/Mac/RoutingHTTPServer.framework; sourceTree = "<group>"; };
		1A7DD7DA1BA4EBF2000140AA /* SwiftFoundation.framework */ = {isa = PBXFileReference; lastKnownFileType = wrapper.framework; name = SwiftFoundation.framework; path = ../Carthage/Build/Mac/SwiftFoundation.framework; sourceTree = "<group>"; };
		1A7DD7DB1BA4EBF2000140AA /* SwiftWebSocket.framework */ = {isa = PBXFileReference; lastKnownFileType = wrapper.framework; name = SwiftWebSocket.framework; path = ../Carthage/Build/Mac/SwiftWebSocket.framework; sourceTree = "<group>"; };
		1AD4DDF71B9D02E6000A582D /* MessagesServerDaemon */ = {isa = PBXFileReference; explicitFileType = "compiled.mach-o.executable"; includeInIndex = 0; path = MessagesServerDaemon; sourceTree = BUILT_PRODUCTS_DIR; };
		1AD4DDFA1B9D02E6000A582D /* main.m */ = {isa = PBXFileReference; lastKnownFileType = sourcecode.c.objc; path = main.m; sourceTree = "<group>"; };
		1AD4DE051B9D032F000A582D /* MessagesServerDaemon.bundle */ = {isa = PBXFileReference; explicitFileType = wrapper.cfbundle; includeInIndex = 0; path = MessagesServerDaemon.bundle; sourceTree = BUILT_PRODUCTS_DIR; };
		1AD4DE071B9D032F000A582D /* Info.plist */ = {isa = PBXFileReference; lastKnownFileType = text.plist.xml; path = Info.plist; sourceTree = "<group>"; };
/* End PBXFileReference section */

/* Begin PBXFrameworksBuildPhase section */
		1AD4DDF41B9D02E6000A582D /* Frameworks */ = {
			isa = PBXFrameworksBuildPhase;
			buildActionMask = 2147483647;
			files = (
			);
			runOnlyForDeploymentPostprocessing = 0;
		};
		1AD4DE021B9D032F000A582D /* Frameworks */ = {
			isa = PBXFrameworksBuildPhase;
			buildActionMask = 2147483647;
			files = (
			);
			runOnlyForDeploymentPostprocessing = 0;
		};
/* End PBXFrameworksBuildPhase section */

/* Begin PBXGroup section */
		1A7DD7C61BA4E7B2000140AA /* Products */ = {
			isa = PBXGroup;
			children = (
				1A7DD7CB1BA4E7B2000140AA /* CoreMessagesServer.framework */,
				1A7DD7CD1BA4E7B2000140AA /* CoreMessagesServerTests.xctest */,
			);
			name = Products;
			sourceTree = "<group>";
		};
		1A7DD7E51BA4EBFE000140AA /* Dependencies */ = {
			isa = PBXGroup;
			children = (
				1A7DD7C51BA4E7B2000140AA /* CoreMessagesServer.xcodeproj */,
				1A7DD7641BA4BC1E000140AA /* CoreMessages.xcodeproj */,
				1A7DD7D31BA4EBF1000140AA /* b64.framework */,
				1A7DD7D41BA4EBF1000140AA /* CocoaAsyncSocket.framework */,
				1A7DD7D51BA4EBF1000140AA /* CocoaHTTPServer.framework */,
				1A7DD7D61BA4EBF1000140AA /* CoreModel.framework */,
				1A7DD7D71BA4EBF1000140AA /* JSON.framework */,
				1A7DD7D81BA4EBF2000140AA /* NetworkObjects.framework */,
				1A7DD7D91BA4EBF2000140AA /* RoutingHTTPServer.framework */,
				1A7DD7DA1BA4EBF2000140AA /* SwiftFoundation.framework */,
				1A7DD7DB1BA4EBF2000140AA /* SwiftWebSocket.framework */,
			);
			name = Dependencies;
			sourceTree = "<group>";
		};
		1AD4DDEE1B9D02E6000A582D = {
			isa = PBXGroup;
			children = (
				1A7DD7E51BA4EBFE000140AA /* Dependencies */,
				1AD4DDF91B9D02E6000A582D /* MessagesServerDaemon */,
				1AD4DE061B9D032F000A582D /* MessagesServerDaemonBundle */,
				1AD4DDF81B9D02E6000A582D /* Products */,
			);
			sourceTree = "<group>";
		};
		1AD4DDF81B9D02E6000A582D /* Products */ = {
			isa = PBXGroup;
			children = (
				1AD4DDF71B9D02E6000A582D /* MessagesServerDaemon */,
				1AD4DE051B9D032F000A582D /* MessagesServerDaemon.bundle */,
			);
			name = Products;
			sourceTree = "<group>";
		};
		1AD4DDF91B9D02E6000A582D /* MessagesServerDaemon */ = {
			isa = PBXGroup;
			children = (
				1AD4DDFA1B9D02E6000A582D /* main.m */,
			);
			path = MessagesServerDaemon;
			sourceTree = "<group>";
		};
		1AD4DE061B9D032F000A582D /* MessagesServerDaemonBundle */ = {
			isa = PBXGroup;
			children = (
				1AD4DE071B9D032F000A582D /* Info.plist */,
			);
			path = MessagesServerDaemonBundle;
			sourceTree = "<group>";
		};
		6E5E7C6C1BA53D9000F02BCE /* Products */ = {
			isa = PBXGroup;
			children = (
				6E5E7C721BA53D9000F02BCE /* CoreMessages.framework */,
				6E5E7C741BA53D9000F02BCE /* CoreMessagesTests.xctest */,
				6E5E7C761BA53D9000F02BCE /* CoreMessages.framework */,
			);
			name = Products;
			sourceTree = "<group>";
		};
/* End PBXGroup section */

/* Begin PBXNativeTarget section */
		1AD4DDF61B9D02E6000A582D /* MessagesServerDaemon */ = {
			isa = PBXNativeTarget;
			buildConfigurationList = 1AD4DDFE1B9D02E6000A582D /* Build configuration list for PBXNativeTarget "MessagesServerDaemon" */;
			buildPhases = (
				1AD4DDF31B9D02E6000A582D /* Sources */,
				1AD4DDF41B9D02E6000A582D /* Frameworks */,
				1AD4DDF51B9D02E6000A582D /* CopyFiles */,
			);
			buildRules = (
			);
			dependencies = (
				1A7DD7CF1BA4E7C0000140AA /* PBXTargetDependency */,
			);
			name = MessagesServerDaemon;
			productName = MessagesServerDaemon;
			productReference = 1AD4DDF71B9D02E6000A582D /* MessagesServerDaemon */;
			productType = "com.apple.product-type.tool";
		};
		1AD4DE041B9D032F000A582D /* MessagesServerDaemonBundle */ = {
			isa = PBXNativeTarget;
			buildConfigurationList = 1AD4DE081B9D032F000A582D /* Build configuration list for PBXNativeTarget "MessagesServerDaemonBundle" */;
			buildPhases = (
				1AD4DE011B9D032F000A582D /* Sources */,
				1AD4DE021B9D032F000A582D /* Frameworks */,
				1AD4DE031B9D032F000A582D /* Resources */,
				1AD4DE0D1B9D0380000A582D /* Copy Daemon */,
				1AD4DE0F1B9D03A0000A582D /* Copy Frameworks */,
			);
			buildRules = (
			);
			dependencies = (
				1AD4DE0C1B9D0379000A582D /* PBXTargetDependency */,
			);
			name = MessagesServerDaemonBundle;
			productName = MessagesServerDaemonBundle;
			productReference = 1AD4DE051B9D032F000A582D /* MessagesServerDaemon.bundle */;
			productType = "com.apple.product-type.bundle";
		};
/* End PBXNativeTarget section */

/* Begin PBXProject section */
		1AD4DDEF1B9D02E6000A582D /* Project object */ = {
			isa = PBXProject;
			attributes = {
				LastUpgradeCheck = 0700;
				ORGANIZATIONNAME = ColemanCDA;
				TargetAttributes = {
					1AD4DDF61B9D02E6000A582D = {
						CreatedOnToolsVersion = 7.0;
					};
					1AD4DE041B9D032F000A582D = {
						CreatedOnToolsVersion = 7.0;
					};
				};
			};
			buildConfigurationList = 1AD4DDF21B9D02E6000A582D /* Build configuration list for PBXProject "MessagesServerDaemon" */;
			compatibilityVersion = "Xcode 3.2";
			developmentRegion = English;
			hasScannedForEncodings = 0;
			knownRegions = (
				en,
			);
			mainGroup = 1AD4DDEE1B9D02E6000A582D;
			productRefGroup = 1AD4DDF81B9D02E6000A582D /* Products */;
			projectDirPath = "";
			projectReferences = (
				{
					ProductGroup = 6E5E7C6C1BA53D9000F02BCE /* Products */;
					ProjectRef = 1A7DD7641BA4BC1E000140AA /* CoreMessages.xcodeproj */;
				},
				{
					ProductGroup = 1A7DD7C61BA4E7B2000140AA /* Products */;
					ProjectRef = 1A7DD7C51BA4E7B2000140AA /* CoreMessagesServer.xcodeproj */;
				},
			);
			projectRoot = "";
			targets = (
				1AD4DE041B9D032F000A582D /* MessagesServerDaemonBundle */,
				1AD4DDF61B9D02E6000A582D /* MessagesServerDaemon */,
			);
		};
/* End PBXProject section */

/* Begin PBXReferenceProxy section */
		1A7DD7CB1BA4E7B2000140AA /* CoreMessagesServer.framework */ = {
			isa = PBXReferenceProxy;
			fileType = wrapper.framework;
			path = CoreMessagesServer.framework;
			remoteRef = 1A7DD7CA1BA4E7B2000140AA /* PBXContainerItemProxy */;
			sourceTree = BUILT_PRODUCTS_DIR;
		};
		1A7DD7CD1BA4E7B2000140AA /* CoreMessagesServerTests.xctest */ = {
			isa = PBXReferenceProxy;
			fileType = wrapper.cfbundle;
			path = CoreMessagesServerTests.xctest;
			remoteRef = 1A7DD7CC1BA4E7B2000140AA /* PBXContainerItemProxy */;
			sourceTree = BUILT_PRODUCTS_DIR;
		};
		6E5E7C721BA53D9000F02BCE /* CoreMessages.framework */ = {
			isa = PBXReferenceProxy;
			fileType = wrapper.framework;
			path = CoreMessages.framework;
			remoteRef = 6E5E7C711BA53D9000F02BCE /* PBXContainerItemProxy */;
			sourceTree = BUILT_PRODUCTS_DIR;
		};
		6E5E7C741BA53D9000F02BCE /* CoreMessagesTests.xctest */ = {
			isa = PBXReferenceProxy;
			fileType = wrapper.cfbundle;
			path = CoreMessagesTests.xctest;
			remoteRef = 6E5E7C731BA53D9000F02BCE /* PBXContainerItemProxy */;
			sourceTree = BUILT_PRODUCTS_DIR;
		};
		6E5E7C761BA53D9000F02BCE /* CoreMessages.framework */ = {
			isa = PBXReferenceProxy;
			fileType = wrapper.framework;
			path = CoreMessages.framework;
			remoteRef = 6E5E7C751BA53D9000F02BCE /* PBXContainerItemProxy */;
			sourceTree = BUILT_PRODUCTS_DIR;
		};
/* End PBXReferenceProxy section */

/* Begin PBXResourcesBuildPhase section */
		1AD4DE031B9D032F000A582D /* Resources */ = {
			isa = PBXResourcesBuildPhase;
			buildActionMask = 2147483647;
			files = (
			);
			runOnlyForDeploymentPostprocessing = 0;
		};
/* End PBXResourcesBuildPhase section */

/* Begin PBXSourcesBuildPhase section */
		1AD4DDF31B9D02E6000A582D /* Sources */ = {
			isa = PBXSourcesBuildPhase;
			buildActionMask = 2147483647;
			files = (
				1AD4DDFB1B9D02E6000A582D /* main.m in Sources */,
			);
			runOnlyForDeploymentPostprocessing = 0;
		};
		1AD4DE011B9D032F000A582D /* Sources */ = {
			isa = PBXSourcesBuildPhase;
			buildActionMask = 2147483647;
			files = (
			);
			runOnlyForDeploymentPostprocessing = 0;
		};
/* End PBXSourcesBuildPhase section */

/* Begin PBXTargetDependency section */
		1A7DD7CF1BA4E7C0000140AA /* PBXTargetDependency */ = {
			isa = PBXTargetDependency;
			name = CoreMessagesServer;
			targetProxy = 1A7DD7CE1BA4E7C0000140AA /* PBXContainerItemProxy */;
		};
		1AD4DE0C1B9D0379000A582D /* PBXTargetDependency */ = {
			isa = PBXTargetDependency;
			target = 1AD4DDF61B9D02E6000A582D /* MessagesServerDaemon */;
			targetProxy = 1AD4DE0B1B9D0379000A582D /* PBXContainerItemProxy */;
		};
/* End PBXTargetDependency section */

/* Begin XCBuildConfiguration section */
		1AD4DDFC1B9D02E6000A582D /* Debug */ = {
			isa = XCBuildConfiguration;
			buildSettings = {
				ALWAYS_SEARCH_USER_PATHS = NO;
				CLANG_CXX_LANGUAGE_STANDARD = "gnu++0x";
				CLANG_CXX_LIBRARY = "libc++";
				CLANG_ENABLE_MODULES = YES;
				CLANG_ENABLE_OBJC_ARC = YES;
				CLANG_WARN_BOOL_CONVERSION = YES;
				CLANG_WARN_CONSTANT_CONVERSION = YES;
				CLANG_WARN_DIRECT_OBJC_ISA_USAGE = YES_ERROR;
				CLANG_WARN_EMPTY_BODY = YES;
				CLANG_WARN_ENUM_CONVERSION = YES;
				CLANG_WARN_INT_CONVERSION = YES;
				CLANG_WARN_OBJC_ROOT_CLASS = YES_ERROR;
				CLANG_WARN_UNREACHABLE_CODE = YES;
				CLANG_WARN__DUPLICATE_METHOD_MATCH = YES;
				COPY_PHASE_STRIP = NO;
				DEBUG_INFORMATION_FORMAT = dwarf;
				ENABLE_STRICT_OBJC_MSGSEND = YES;
				ENABLE_TESTABILITY = YES;
				GCC_C_LANGUAGE_STANDARD = gnu99;
				GCC_DYNAMIC_NO_PIC = NO;
				GCC_NO_COMMON_BLOCKS = YES;
				GCC_OPTIMIZATION_LEVEL = 0;
				GCC_PREPROCESSOR_DEFINITIONS = (
					"DEBUG=1",
					"$(inherited)",
				);
				GCC_WARN_64_TO_32_BIT_CONVERSION = YES;
				GCC_WARN_ABOUT_RETURN_TYPE = YES_ERROR;
				GCC_WARN_UNDECLARED_SELECTOR = YES;
				GCC_WARN_UNINITIALIZED_AUTOS = YES_AGGRESSIVE;
				GCC_WARN_UNUSED_FUNCTION = YES;
				GCC_WARN_UNUSED_VARIABLE = YES;
				MACOSX_DEPLOYMENT_TARGET = 10.10;
				MTL_ENABLE_DEBUG_INFO = YES;
				ONLY_ACTIVE_ARCH = YES;
				SDKROOT = macosx;
			};
			name = Debug;
		};
		1AD4DDFD1B9D02E6000A582D /* Release */ = {
			isa = XCBuildConfiguration;
			buildSettings = {
				ALWAYS_SEARCH_USER_PATHS = NO;
				CLANG_CXX_LANGUAGE_STANDARD = "gnu++0x";
				CLANG_CXX_LIBRARY = "libc++";
				CLANG_ENABLE_MODULES = YES;
				CLANG_ENABLE_OBJC_ARC = YES;
				CLANG_WARN_BOOL_CONVERSION = YES;
				CLANG_WARN_CONSTANT_CONVERSION = YES;
				CLANG_WARN_DIRECT_OBJC_ISA_USAGE = YES_ERROR;
				CLANG_WARN_EMPTY_BODY = YES;
				CLANG_WARN_ENUM_CONVERSION = YES;
				CLANG_WARN_INT_CONVERSION = YES;
				CLANG_WARN_OBJC_ROOT_CLASS = YES_ERROR;
				CLANG_WARN_UNREACHABLE_CODE = YES;
				CLANG_WARN__DUPLICATE_METHOD_MATCH = YES;
				COPY_PHASE_STRIP = NO;
				DEBUG_INFORMATION_FORMAT = "dwarf-with-dsym";
				ENABLE_NS_ASSERTIONS = NO;
				ENABLE_STRICT_OBJC_MSGSEND = YES;
				GCC_C_LANGUAGE_STANDARD = gnu99;
				GCC_NO_COMMON_BLOCKS = YES;
				GCC_WARN_64_TO_32_BIT_CONVERSION = YES;
				GCC_WARN_ABOUT_RETURN_TYPE = YES_ERROR;
				GCC_WARN_UNDECLARED_SELECTOR = YES;
				GCC_WARN_UNINITIALIZED_AUTOS = YES_AGGRESSIVE;
				GCC_WARN_UNUSED_FUNCTION = YES;
				GCC_WARN_UNUSED_VARIABLE = YES;
				MACOSX_DEPLOYMENT_TARGET = 10.10;
				MTL_ENABLE_DEBUG_INFO = NO;
				SDKROOT = macosx;
			};
			name = Release;
		};
		1AD4DDFF1B9D02E6000A582D /* Debug */ = {
			isa = XCBuildConfiguration;
			buildSettings = {
				LD_RUNPATH_SEARCH_PATHS = "$(inherited) @executable_path/../Frameworks @executable_path/$(PRODUCT_NAME).bundle/Contents/Frameworks";
				PRODUCT_NAME = "$(TARGET_NAME)";
			};
			name = Debug;
		};
		1AD4DE001B9D02E6000A582D /* Release */ = {
			isa = XCBuildConfiguration;
			buildSettings = {
				LD_RUNPATH_SEARCH_PATHS = "$(inherited) @executable_path/../Frameworks";
				PRODUCT_NAME = "$(TARGET_NAME)";
			};
			name = Release;
		};
		1AD4DE091B9D032F000A582D /* Debug */ = {
			isa = XCBuildConfiguration;
			buildSettings = {
				COMBINE_HIDPI_IMAGES = YES;
				EMBEDDED_CONTENT_CONTAINS_SWIFT = YES;
				INFOPLIST_FILE = MessagesServerDaemonBundle/Info.plist;
				INSTALL_PATH = "$(LOCAL_LIBRARY_DIR)/Bundles";
				PRODUCT_BUNDLE_IDENTIFIER = com.colemancda.MessagesServerDaemonBundle;
				PRODUCT_NAME = $PROJECT_NAME;
				SKIP_INSTALL = YES;
				WRAPPER_EXTENSION = bundle;
			};
			name = Debug;
		};
		1AD4DE0A1B9D032F000A582D /* Release */ = {
			isa = XCBuildConfiguration;
			buildSettings = {
				COMBINE_HIDPI_IMAGES = YES;
				EMBEDDED_CONTENT_CONTAINS_SWIFT = YES;
				INFOPLIST_FILE = MessagesServerDaemonBundle/Info.plist;
				INSTALL_PATH = "$(LOCAL_LIBRARY_DIR)/Bundles";
				PRODUCT_BUNDLE_IDENTIFIER = com.colemancda.MessagesServerDaemonBundle;
				PRODUCT_NAME = $PROJECT_NAME;
				SKIP_INSTALL = YES;
				WRAPPER_EXTENSION = bundle;
			};
			name = Release;
		};
/* End XCBuildConfiguration section */

/* Begin XCConfigurationList section */
		1AD4DDF21B9D02E6000A582D /* Build configuration list for PBXProject "MessagesServerDaemon" */ = {
			isa = XCConfigurationList;
			buildConfigurations = (
				1AD4DDFC1B9D02E6000A582D /* Debug */,
				1AD4DDFD1B9D02E6000A582D /* Release */,
			);
			defaultConfigurationIsVisible = 0;
			defaultConfigurationName = Release;
		};
		1AD4DDFE1B9D02E6000A582D /* Build configuration list for PBXNativeTarget "MessagesServerDaemon" */ = {
			isa = XCConfigurationList;
			buildConfigurations = (
				1AD4DDFF1B9D02E6000A582D /* Debug */,
				1AD4DE001B9D02E6000A582D /* Release */,
			);
			defaultConfigurationIsVisible = 0;
			defaultConfigurationName = Release;
		};
		1AD4DE081B9D032F000A582D /* Build configuration list for PBXNativeTarget "MessagesServerDaemonBundle" */ = {
			isa = XCConfigurationList;
			buildConfigurations = (
				1AD4DE091B9D032F000A582D /* Debug */,
				1AD4DE0A1B9D032F000A582D /* Release */,
			);
			defaultConfigurationIsVisible = 0;
			defaultConfigurationName = Release;
		};
/* End XCConfigurationList section */
	};
	rootObject = 1AD4DDEF1B9D02E6000A582D /* Project object */;
}
